// !$*UTF8*$!
{
	archiveVersion = 1;
	classes = {
	};
	objectVersion = 56;
	objects = {

/* Begin PBXBuildFile section */
		AF1283B22AB67AC70086AD5B /* LoginViewModel.swift in Sources */ = {isa = PBXBuildFile; fileRef = AF1283B12AB67AC70086AD5B /* LoginViewModel.swift */; };
		AF1BEC072AB0EFFB0092FB0D /* DailyData.swift in Sources */ = {isa = PBXBuildFile; fileRef = AF1BEC062AB0EFFB0092FB0D /* DailyData.swift */; };
		AF1BEC092AB0F6710092FB0D /* AnalyticsGenerator.swift in Sources */ = {isa = PBXBuildFile; fileRef = AF1BEC082AB0F6710092FB0D /* AnalyticsGenerator.swift */; };
		AF1ECA3A2C9C8745005A225A /* ContextTileView.swift in Sources */ = {isa = PBXBuildFile; fileRef = AF1ECA392C9C8745005A225A /* ContextTileView.swift */; };
		AF1ECA3C2C9C87F0005A225A /* Context.swift in Sources */ = {isa = PBXBuildFile; fileRef = AF1ECA3B2C9C87F0005A225A /* Context.swift */; };
		AF1ECA3E2C9C8AA2005A225A /* contexts.json in Resources */ = {isa = PBXBuildFile; fileRef = AF1ECA3D2C9C8A9B005A225A /* contexts.json */; };
		AF237E222C8F597A008963AD /* AppLoadingView.swift in Sources */ = {isa = PBXBuildFile; fileRef = AF237E212C8F597A008963AD /* AppLoadingView.swift */; };
		AF26B2072C9E796D00CA616E /* GoogleService-Info.plist in Resources */ = {isa = PBXBuildFile; fileRef = AF26B2062C9E796D00CA616E /* GoogleService-Info.plist */; };
		AF2A89822AB0CB5600D05234 /* ContextEmotionPair.swift in Sources */ = {isa = PBXBuildFile; fileRef = AF2A89812AB0CB5600D05234 /* ContextEmotionPair.swift */; };
		AF2AB8842AB3C6E6006B81AB /* WelcomeView.swift in Sources */ = {isa = PBXBuildFile; fileRef = AF2AB8832AB3C6E6006B81AB /* WelcomeView.swift */; };
		AF3008822AB4F02D0068F3B0 /* LoginView.swift in Sources */ = {isa = PBXBuildFile; fileRef = AF3008812AB4F02D0068F3B0 /* LoginView.swift */; };
		AF3DF9E62AC619A7003453F1 /* ListRowBackgroundModifer.swift in Sources */ = {isa = PBXBuildFile; fileRef = AF3DF9E52AC619A7003453F1 /* ListRowBackgroundModifer.swift */; };
		AF4015502AC61FAA003DE7DE /* AddNameView.swift in Sources */ = {isa = PBXBuildFile; fileRef = AF40154F2AC61FAA003DE7DE /* AddNameView.swift */; };
		AF4392342AD4D42700E4FC15 /* EmotionTagView.swift in Sources */ = {isa = PBXBuildFile; fileRef = AF4392332AD4D42700E4FC15 /* EmotionTagView.swift */; };
		AF4B33A42AB0B839004CF248 /* ProfileView.swift in Sources */ = {isa = PBXBuildFile; fileRef = AF4B33A32AB0B839004CF248 /* ProfileView.swift */; };
		AF4B33A92AB0C63F004CF248 /* YourMoodView.swift in Sources */ = {isa = PBXBuildFile; fileRef = AF4B33A82AB0C63F004CF248 /* YourMoodView.swift */; };
		AF4B33AC2AB0C6C6004CF248 /* GlobalMoodView.swift in Sources */ = {isa = PBXBuildFile; fileRef = AF4B33AB2AB0C6C6004CF248 /* GlobalMoodView.swift */; };
		AF5024F72ABCDA2100DCF8A2 /* GlobalPercentView.swift in Sources */ = {isa = PBXBuildFile; fileRef = AF5024F62ABCDA2100DCF8A2 /* GlobalPercentView.swift */; };
		AF519BCD2ABBA5BB00850DD4 /* User.swift in Sources */ = {isa = PBXBuildFile; fileRef = AF519BCC2ABBA5BB00850DD4 /* User.swift */; };
		AF5542832C8A0B4A00CD4DC0 /* DropDownView.swift in Sources */ = {isa = PBXBuildFile; fileRef = AF5542822C8A0B4900CD4DC0 /* DropDownView.swift */; };
		AF5B87712AB521BB000E204F /* AddEmailView.swift in Sources */ = {isa = PBXBuildFile; fileRef = AF5B87702AB521BB000E204F /* AddEmailView.swift */; };
		AF5B87732AB525D1000E204F /* TextFieldModifier.swift in Sources */ = {isa = PBXBuildFile; fileRef = AF5B87722AB525D1000E204F /* TextFieldModifier.swift */; };
		AF5B87752AB5277B000E204F /* CreatePasswordView.swift in Sources */ = {isa = PBXBuildFile; fileRef = AF5B87742AB5277B000E204F /* CreatePasswordView.swift */; };
		AF5B87772AB52904000E204F /* SignUpView.swift in Sources */ = {isa = PBXBuildFile; fileRef = AF5B87762AB52904000E204F /* SignUpView.swift */; };
		AF5B87792AB52C59000E204F /* AddBirthdayView.swift in Sources */ = {isa = PBXBuildFile; fileRef = AF5B87782AB52C59000E204F /* AddBirthdayView.swift */; };
		AF5B877B2AB53273000E204F /* CompleteSignUpView.swift in Sources */ = {isa = PBXBuildFile; fileRef = AF5B877A2AB53273000E204F /* CompleteSignUpView.swift */; };
		AF6315D02ACB5373005561B9 /* SecureInputView.swift in Sources */ = {isa = PBXBuildFile; fileRef = AF6315CF2ACB5373005561B9 /* SecureInputView.swift */; };
		AF6BFA2D2AAFCD2C005B4DDA /* MoodApp.swift in Sources */ = {isa = PBXBuildFile; fileRef = AF6BFA2C2AAFCD2C005B4DDA /* MoodApp.swift */; };
		AF6BFA2F2AAFCD2C005B4DDA /* ContentView.swift in Sources */ = {isa = PBXBuildFile; fileRef = AF6BFA2E2AAFCD2C005B4DDA /* ContentView.swift */; };
		AF6BFA312AAFCD30005B4DDA /* Assets.xcassets in Resources */ = {isa = PBXBuildFile; fileRef = AF6BFA302AAFCD30005B4DDA /* Assets.xcassets */; };
		AF6BFA342AAFCD30005B4DDA /* Preview Assets.xcassets in Resources */ = {isa = PBXBuildFile; fileRef = AF6BFA332AAFCD30005B4DDA /* Preview Assets.xcassets */; };
		AF6BFA472AAFCECB005B4DDA /* MainTabBar.swift in Sources */ = {isa = PBXBuildFile; fileRef = AF6BFA462AAFCECB005B4DDA /* MainTabBar.swift */; };
		AF7BB2D32AB3650A0057EE18 /* MoodTests.swift in Sources */ = {isa = PBXBuildFile; fileRef = AF7BB2D22AB3650A0057EE18 /* MoodTests.swift */; };
		AF7BB2DD2AB377D90057EE18 /* FirebaseAuth in Frameworks */ = {isa = PBXBuildFile; productRef = AF7BB2DC2AB377D90057EE18 /* FirebaseAuth */; };
		AF7BB2DF2AB377D90057EE18 /* FirebaseFirestore in Frameworks */ = {isa = PBXBuildFile; productRef = AF7BB2DE2AB377D90057EE18 /* FirebaseFirestore */; };
		AF7BB2E12AB377D90057EE18 /* FirebaseFirestoreSwift in Frameworks */ = {isa = PBXBuildFile; productRef = AF7BB2E02AB377D90057EE18 /* FirebaseFirestoreSwift */; };
		AF7BB2E32AB377D90057EE18 /* FirebaseStorage in Frameworks */ = {isa = PBXBuildFile; productRef = AF7BB2E22AB377D90057EE18 /* FirebaseStorage */; };
		AF8897652C8A49E90077B847 /* YourMoodsChartsView.swift in Sources */ = {isa = PBXBuildFile; fileRef = AF8897642C8A49E90077B847 /* YourMoodsChartsView.swift */; };
		AF8AB5AE2AB38D8E00BE810A /* AuthService.swift in Sources */ = {isa = PBXBuildFile; fileRef = AF8AB5AD2AB38D8E00BE810A /* AuthService.swift */; };
		AF8AB5B22AB38F0000BE810A /* ContentViewModel.swift in Sources */ = {isa = PBXBuildFile; fileRef = AF8AB5B12AB38F0000BE810A /* ContentViewModel.swift */; };
		AF8D74992AE6FABE00C0729E /* GlobalMoodViewWrapper.swift in Sources */ = {isa = PBXBuildFile; fileRef = AF8D74982AE6FABE00C0729E /* GlobalMoodViewWrapper.swift */; };
		AF8D749B2AE6FAF900C0729E /* GlobalMoodLockedView.swift in Sources */ = {isa = PBXBuildFile; fileRef = AF8D749A2AE6FAF900C0729E /* GlobalMoodLockedView.swift */; };
		AF95217B2AD61DCA00BDA427 /* MoodLoggedView.swift in Sources */ = {isa = PBXBuildFile; fileRef = AF95217A2AD61DCA00BDA427 /* MoodLoggedView.swift */; };
		AFA7AF5A2C88E4A2002E911B /* Launch Screen.storyboard in Resources */ = {isa = PBXBuildFile; fileRef = AFA7AF592C88E4A2002E911B /* Launch Screen.storyboard */; };
		AFA7AF5D2C88EABF002E911B /* LineChartWithSelection.swift in Sources */ = {isa = PBXBuildFile; fileRef = AFA7AF5C2C88EABF002E911B /* LineChartWithSelection.swift */; };
		AFAADDF82ADF32D20065E9CE /* DailyDataService.swift in Sources */ = {isa = PBXBuildFile; fileRef = AFAADDF72ADF32D20065E9CE /* DailyDataService.swift */; };
		AFB789632C9CBD28007B375A /* ContextLogView.swift in Sources */ = {isa = PBXBuildFile; fileRef = AFB789622C9CBD28007B375A /* ContextLogView.swift */; };
		AFBABB2F2AB24C9A00ADCB8A /* TileView.swift in Sources */ = {isa = PBXBuildFile; fileRef = AFBABB2E2AB24C9A00ADCB8A /* TileView.swift */; };
		AFC9206D2AB3EB5700CAF441 /* ColorExtension.swift in Sources */ = {isa = PBXBuildFile; fileRef = AFC9206C2AB3EB5700CAF441 /* ColorExtension.swift */; };
		AFCABA7B2C8E37B900DA562A /* WrappingHStack.swift in Sources */ = {isa = PBXBuildFile; fileRef = AFCABA7A2C8E37B900DA562A /* WrappingHStack.swift */; };
		AFCD61E62AE73485002F873C /* TodaysFeelingsView.swift in Sources */ = {isa = PBXBuildFile; fileRef = AFCD61E52AE73485002F873C /* TodaysFeelingsView.swift */; };
		AFDC4C442AB6649900B22C6C /* RegistrationViewModel.swift in Sources */ = {isa = PBXBuildFile; fileRef = AFDC4C432AB6649900B22C6C /* RegistrationViewModel.swift */; };
		AFDFDB642ACE2C6B00D8F37B /* LogDailyMoodSuggestionView.swift in Sources */ = {isa = PBXBuildFile; fileRef = AFDFDB632ACE2C6B00D8F37B /* LogDailyMoodSuggestionView.swift */; };
		AFE59E822C768BD1002285E8 /* NotificationService.swift in Sources */ = {isa = PBXBuildFile; fileRef = AFE59E812C768BCA002285E8 /* NotificationService.swift */; };
		AFEC9B392AD4543200F35F8B /* UploadMoodViewModel.swift in Sources */ = {isa = PBXBuildFile; fileRef = AFEC9B382AD4543200F35F8B /* UploadMoodViewModel.swift */; };
		AFEC9B3B2AD4581800F35F8B /* MoodPost.swift in Sources */ = {isa = PBXBuildFile; fileRef = AFEC9B3A2AD4581800F35F8B /* MoodPost.swift */; };
		AFEC9B402AD4615200F35F8B /* MoodTagView.swift in Sources */ = {isa = PBXBuildFile; fileRef = AFEC9B3F2AD4615200F35F8B /* MoodTagView.swift */; };
		AFF2F2F42AB146ED002FB6C7 /* moods.json in Resources */ = {isa = PBXBuildFile; fileRef = AFF2F2F32AB146ED002FB6C7 /* moods.json */; };
		AFF2F2F62AB14CE0002FB6C7 /* JSONDecoder.swift in Sources */ = {isa = PBXBuildFile; fileRef = AFF2F2F52AB14CE0002FB6C7 /* JSONDecoder.swift */; };
/* End PBXBuildFile section */

/* Begin PBXContainerItemProxy section */
		AF7BB2D42AB3650A0057EE18 /* PBXContainerItemProxy */ = {
			isa = PBXContainerItemProxy;
			containerPortal = AF6BFA212AAFCD2C005B4DDA /* Project object */;
			proxyType = 1;
			remoteGlobalIDString = AF6BFA282AAFCD2C005B4DDA;
			remoteInfo = Mood;
		};
/* End PBXContainerItemProxy section */

/* Begin PBXFileReference section */
		AF1283B12AB67AC70086AD5B /* LoginViewModel.swift */ = {isa = PBXFileReference; lastKnownFileType = sourcecode.swift; path = LoginViewModel.swift; sourceTree = "<group>"; };
		AF1BEC062AB0EFFB0092FB0D /* DailyData.swift */ = {isa = PBXFileReference; lastKnownFileType = sourcecode.swift; path = DailyData.swift; sourceTree = "<group>"; };
		AF1BEC082AB0F6710092FB0D /* AnalyticsGenerator.swift */ = {isa = PBXFileReference; lastKnownFileType = sourcecode.swift; path = AnalyticsGenerator.swift; sourceTree = "<group>"; };
		AF1ECA392C9C8745005A225A /* ContextTileView.swift */ = {isa = PBXFileReference; lastKnownFileType = sourcecode.swift; path = ContextTileView.swift; sourceTree = "<group>"; };
		AF1ECA3B2C9C87F0005A225A /* Context.swift */ = {isa = PBXFileReference; lastKnownFileType = sourcecode.swift; path = Context.swift; sourceTree = "<group>"; };
		AF1ECA3D2C9C8A9B005A225A /* contexts.json */ = {isa = PBXFileReference; lastKnownFileType = text.json; path = contexts.json; sourceTree = "<group>"; };
		AF237E212C8F597A008963AD /* AppLoadingView.swift */ = {isa = PBXFileReference; lastKnownFileType = sourcecode.swift; path = AppLoadingView.swift; sourceTree = "<group>"; };
		AF26B2062C9E796D00CA616E /* GoogleService-Info.plist */ = {isa = PBXFileReference; lastKnownFileType = text.plist.xml; path = "GoogleService-Info.plist"; sourceTree = "<group>"; };
		AF2A89812AB0CB5600D05234 /* ContextEmotionPair.swift */ = {isa = PBXFileReference; lastKnownFileType = sourcecode.swift; path = ContextEmotionPair.swift; sourceTree = "<group>"; };
		AF2AB8832AB3C6E6006B81AB /* WelcomeView.swift */ = {isa = PBXFileReference; lastKnownFileType = sourcecode.swift; name = WelcomeView.swift; path = Mood/Core/Authentication/View/WelcomeView.swift; sourceTree = SOURCE_ROOT; };
		AF3008812AB4F02D0068F3B0 /* LoginView.swift */ = {isa = PBXFileReference; lastKnownFileType = sourcecode.swift; name = LoginView.swift; path = Mood/Core/Authentication/View/LoginView.swift; sourceTree = SOURCE_ROOT; };
		AF3DF9E52AC619A7003453F1 /* ListRowBackgroundModifer.swift */ = {isa = PBXFileReference; lastKnownFileType = sourcecode.swift; path = ListRowBackgroundModifer.swift; sourceTree = "<group>"; };
		AF40154F2AC61FAA003DE7DE /* AddNameView.swift */ = {isa = PBXFileReference; lastKnownFileType = sourcecode.swift; path = AddNameView.swift; sourceTree = "<group>"; };
		AF4392332AD4D42700E4FC15 /* EmotionTagView.swift */ = {isa = PBXFileReference; lastKnownFileType = sourcecode.swift; path = EmotionTagView.swift; sourceTree = "<group>"; };
		AF4B33A32AB0B839004CF248 /* ProfileView.swift */ = {isa = PBXFileReference; lastKnownFileType = sourcecode.swift; path = ProfileView.swift; sourceTree = "<group>"; };
		AF4B33A82AB0C63F004CF248 /* YourMoodView.swift */ = {isa = PBXFileReference; lastKnownFileType = sourcecode.swift; path = YourMoodView.swift; sourceTree = "<group>"; };
		AF4B33AB2AB0C6C6004CF248 /* GlobalMoodView.swift */ = {isa = PBXFileReference; lastKnownFileType = sourcecode.swift; path = GlobalMoodView.swift; sourceTree = "<group>"; };
		AF5024F62ABCDA2100DCF8A2 /* GlobalPercentView.swift */ = {isa = PBXFileReference; lastKnownFileType = sourcecode.swift; path = GlobalPercentView.swift; sourceTree = "<group>"; };
		AF519BCC2ABBA5BB00850DD4 /* User.swift */ = {isa = PBXFileReference; lastKnownFileType = sourcecode.swift; path = User.swift; sourceTree = "<group>"; };
		AF5542822C8A0B4900CD4DC0 /* DropDownView.swift */ = {isa = PBXFileReference; lastKnownFileType = sourcecode.swift; path = DropDownView.swift; sourceTree = "<group>"; };
		AF5B87702AB521BB000E204F /* AddEmailView.swift */ = {isa = PBXFileReference; lastKnownFileType = sourcecode.swift; name = AddEmailView.swift; path = Mood/Core/Authentication/View/AddEmailView.swift; sourceTree = SOURCE_ROOT; };
		AF5B87722AB525D1000E204F /* TextFieldModifier.swift */ = {isa = PBXFileReference; lastKnownFileType = sourcecode.swift; path = TextFieldModifier.swift; sourceTree = "<group>"; };
		AF5B87742AB5277B000E204F /* CreatePasswordView.swift */ = {isa = PBXFileReference; lastKnownFileType = sourcecode.swift; name = CreatePasswordView.swift; path = Mood/Core/Authentication/View/CreatePasswordView.swift; sourceTree = SOURCE_ROOT; };
		AF5B87762AB52904000E204F /* SignUpView.swift */ = {isa = PBXFileReference; lastKnownFileType = sourcecode.swift; name = SignUpView.swift; path = Mood/Core/Authentication/View/SignUpView.swift; sourceTree = SOURCE_ROOT; };
		AF5B87782AB52C59000E204F /* AddBirthdayView.swift */ = {isa = PBXFileReference; lastKnownFileType = sourcecode.swift; name = AddBirthdayView.swift; path = Mood/Core/Authentication/View/AddBirthdayView.swift; sourceTree = SOURCE_ROOT; };
		AF5B877A2AB53273000E204F /* CompleteSignUpView.swift */ = {isa = PBXFileReference; lastKnownFileType = sourcecode.swift; name = CompleteSignUpView.swift; path = Mood/Core/Authentication/View/CompleteSignUpView.swift; sourceTree = SOURCE_ROOT; };
		AF6315CF2ACB5373005561B9 /* SecureInputView.swift */ = {isa = PBXFileReference; lastKnownFileType = sourcecode.swift; path = SecureInputView.swift; sourceTree = "<group>"; };
		AF6BFA292AAFCD2C005B4DDA /* Mood.app */ = {isa = PBXFileReference; explicitFileType = wrapper.application; includeInIndex = 0; path = Mood.app; sourceTree = BUILT_PRODUCTS_DIR; };
		AF6BFA2C2AAFCD2C005B4DDA /* MoodApp.swift */ = {isa = PBXFileReference; lastKnownFileType = sourcecode.swift; path = MoodApp.swift; sourceTree = "<group>"; };
		AF6BFA2E2AAFCD2C005B4DDA /* ContentView.swift */ = {isa = PBXFileReference; lastKnownFileType = sourcecode.swift; path = ContentView.swift; sourceTree = "<group>"; };
		AF6BFA302AAFCD30005B4DDA /* Assets.xcassets */ = {isa = PBXFileReference; lastKnownFileType = folder.assetcatalog; path = Assets.xcassets; sourceTree = "<group>"; };
		AF6BFA332AAFCD30005B4DDA /* Preview Assets.xcassets */ = {isa = PBXFileReference; lastKnownFileType = folder.assetcatalog; path = "Preview Assets.xcassets"; sourceTree = "<group>"; };
		AF6BFA462AAFCECB005B4DDA /* MainTabBar.swift */ = {isa = PBXFileReference; lastKnownFileType = sourcecode.swift; path = MainTabBar.swift; sourceTree = "<group>"; };
		AF7BB2D02AB3650A0057EE18 /* MoodTests.xctest */ = {isa = PBXFileReference; explicitFileType = wrapper.cfbundle; includeInIndex = 0; path = MoodTests.xctest; sourceTree = BUILT_PRODUCTS_DIR; };
		AF7BB2D22AB3650A0057EE18 /* MoodTests.swift */ = {isa = PBXFileReference; lastKnownFileType = sourcecode.swift; path = MoodTests.swift; sourceTree = "<group>"; };
		AF8897642C8A49E90077B847 /* YourMoodsChartsView.swift */ = {isa = PBXFileReference; lastKnownFileType = sourcecode.swift; path = YourMoodsChartsView.swift; sourceTree = "<group>"; };
		AF8AB5AD2AB38D8E00BE810A /* AuthService.swift */ = {isa = PBXFileReference; lastKnownFileType = sourcecode.swift; path = AuthService.swift; sourceTree = "<group>"; };
		AF8AB5B12AB38F0000BE810A /* ContentViewModel.swift */ = {isa = PBXFileReference; lastKnownFileType = sourcecode.swift; path = ContentViewModel.swift; sourceTree = "<group>"; };
		AF8D74982AE6FABE00C0729E /* GlobalMoodViewWrapper.swift */ = {isa = PBXFileReference; lastKnownFileType = sourcecode.swift; path = GlobalMoodViewWrapper.swift; sourceTree = "<group>"; };
		AF8D749A2AE6FAF900C0729E /* GlobalMoodLockedView.swift */ = {isa = PBXFileReference; lastKnownFileType = sourcecode.swift; path = GlobalMoodLockedView.swift; sourceTree = "<group>"; };
		AF95217A2AD61DCA00BDA427 /* MoodLoggedView.swift */ = {isa = PBXFileReference; lastKnownFileType = sourcecode.swift; path = MoodLoggedView.swift; sourceTree = "<group>"; };
		AFA7AF592C88E4A2002E911B /* Launch Screen.storyboard */ = {isa = PBXFileReference; lastKnownFileType = file.storyboard; path = "Launch Screen.storyboard"; sourceTree = "<group>"; };
		AFA7AF5C2C88EABF002E911B /* LineChartWithSelection.swift */ = {isa = PBXFileReference; lastKnownFileType = sourcecode.swift; path = LineChartWithSelection.swift; sourceTree = "<group>"; };
		AFAADDF72ADF32D20065E9CE /* DailyDataService.swift */ = {isa = PBXFileReference; lastKnownFileType = sourcecode.swift; path = DailyDataService.swift; sourceTree = "<group>"; };
		AFB789622C9CBD28007B375A /* ContextLogView.swift */ = {isa = PBXFileReference; lastKnownFileType = sourcecode.swift; path = ContextLogView.swift; sourceTree = "<group>"; };
		AFBABB2E2AB24C9A00ADCB8A /* TileView.swift */ = {isa = PBXFileReference; lastKnownFileType = sourcecode.swift; path = TileView.swift; sourceTree = "<group>"; };
		AFC9206C2AB3EB5700CAF441 /* ColorExtension.swift */ = {isa = PBXFileReference; lastKnownFileType = sourcecode.swift; path = ColorExtension.swift; sourceTree = "<group>"; };
		AFCABA7A2C8E37B900DA562A /* WrappingHStack.swift */ = {isa = PBXFileReference; lastKnownFileType = sourcecode.swift; path = WrappingHStack.swift; sourceTree = "<group>"; };
		AFCD61E52AE73485002F873C /* TodaysFeelingsView.swift */ = {isa = PBXFileReference; lastKnownFileType = sourcecode.swift; path = TodaysFeelingsView.swift; sourceTree = "<group>"; };
		AFDC4C432AB6649900B22C6C /* RegistrationViewModel.swift */ = {isa = PBXFileReference; lastKnownFileType = sourcecode.swift; path = RegistrationViewModel.swift; sourceTree = "<group>"; };
		AFDFDB632ACE2C6B00D8F37B /* LogDailyMoodSuggestionView.swift */ = {isa = PBXFileReference; lastKnownFileType = sourcecode.swift; path = LogDailyMoodSuggestionView.swift; sourceTree = "<group>"; };
		AFE59E812C768BCA002285E8 /* NotificationService.swift */ = {isa = PBXFileReference; lastKnownFileType = sourcecode.swift; path = NotificationService.swift; sourceTree = "<group>"; };
		AFEC9B382AD4543200F35F8B /* UploadMoodViewModel.swift */ = {isa = PBXFileReference; lastKnownFileType = sourcecode.swift; path = UploadMoodViewModel.swift; sourceTree = "<group>"; };
		AFEC9B3A2AD4581800F35F8B /* MoodPost.swift */ = {isa = PBXFileReference; lastKnownFileType = sourcecode.swift; path = MoodPost.swift; sourceTree = "<group>"; };
		AFEC9B3F2AD4615200F35F8B /* MoodTagView.swift */ = {isa = PBXFileReference; lastKnownFileType = sourcecode.swift; path = MoodTagView.swift; sourceTree = "<group>"; };
		AFF2F2F32AB146ED002FB6C7 /* moods.json */ = {isa = PBXFileReference; lastKnownFileType = text.json; path = moods.json; sourceTree = "<group>"; };
		AFF2F2F52AB14CE0002FB6C7 /* JSONDecoder.swift */ = {isa = PBXFileReference; lastKnownFileType = sourcecode.swift; path = JSONDecoder.swift; sourceTree = "<group>"; };
/* End PBXFileReference section */

/* Begin PBXFrameworksBuildPhase section */
		AF6BFA262AAFCD2C005B4DDA /* Frameworks */ = {
			isa = PBXFrameworksBuildPhase;
			buildActionMask = 2147483647;
			files = (
				AF7BB2DD2AB377D90057EE18 /* FirebaseAuth in Frameworks */,
				AF7BB2E32AB377D90057EE18 /* FirebaseStorage in Frameworks */,
				AF7BB2DF2AB377D90057EE18 /* FirebaseFirestore in Frameworks */,
				AF7BB2E12AB377D90057EE18 /* FirebaseFirestoreSwift in Frameworks */,
			);
			runOnlyForDeploymentPostprocessing = 0;
		};
		AF7BB2CD2AB3650A0057EE18 /* Frameworks */ = {
			isa = PBXFrameworksBuildPhase;
			buildActionMask = 2147483647;
			files = (
			);
			runOnlyForDeploymentPostprocessing = 0;
		};
/* End PBXFrameworksBuildPhase section */

/* Begin PBXGroup section */
		AF2A89802AB0CAFF00D05234 /* Components */ = {
			isa = PBXGroup;
			children = (
				AFBABB2E2AB24C9A00ADCB8A /* TileView.swift */,
				AF5B87722AB525D1000E204F /* TextFieldModifier.swift */,
				AF5024F62ABCDA2100DCF8A2 /* GlobalPercentView.swift */,
				AF3DF9E52AC619A7003453F1 /* ListRowBackgroundModifer.swift */,
				AF6315CF2ACB5373005561B9 /* SecureInputView.swift */,
				AF5542822C8A0B4900CD4DC0 /* DropDownView.swift */,
				AFCABA7A2C8E37B900DA562A /* WrappingHStack.swift */,
			);
			path = Components;
			sourceTree = "<group>";
		};
		AF4B33A72AB0BCA4004CF248 /* YourMood */ = {
			isa = PBXGroup;
			children = (
				AFEC9B362AD453D700F35F8B /* View */,
				AFEC9B372AD453E000F35F8B /* ViewModel */,
			);
			path = YourMood;
			sourceTree = "<group>";
		};
		AF4B33AA2AB0C6B5004CF248 /* GlobalMood */ = {
			isa = PBXGroup;
			children = (
				AF8D74982AE6FABE00C0729E /* GlobalMoodViewWrapper.swift */,
				AF4B33AB2AB0C6C6004CF248 /* GlobalMoodView.swift */,
				AF8D749A2AE6FAF900C0729E /* GlobalMoodLockedView.swift */,
			);
			path = GlobalMood;
			sourceTree = "<group>";
		};
		AF6BFA202AAFCD2C005B4DDA = {
			isa = PBXGroup;
			children = (
				AFA7AF592C88E4A2002E911B /* Launch Screen.storyboard */,
				AF6BFA2B2AAFCD2C005B4DDA /* Mood */,
				AF7BB2D12AB3650A0057EE18 /* MoodTests */,
				AF6BFA2A2AAFCD2C005B4DDA /* Products */,
			);
			sourceTree = "<group>";
		};
		AF6BFA2A2AAFCD2C005B4DDA /* Products */ = {
			isa = PBXGroup;
			children = (
				AF6BFA292AAFCD2C005B4DDA /* Mood.app */,
				AF7BB2D02AB3650A0057EE18 /* MoodTests.xctest */,
			);
			name = Products;
			sourceTree = "<group>";
		};
		AF6BFA2B2AAFCD2C005B4DDA /* Mood */ = {
			isa = PBXGroup;
			children = (
				AFF2F2F22AB14681002FB6C7 /* Resources */,
				AF6BFA402AAFCDC0005B4DDA /* App */,
				AF6BFA3F2AAFCDBC005B4DDA /* Core */,
				AF6BFA3E2AAFCDBA005B4DDA /* Extensions */,
				AF6BFA3B2AAFCDA3005B4DDA /* Model */,
				AF6BFA3A2AAFCD80005B4DDA /* Services */,
				AF26B2062C9E796D00CA616E /* GoogleService-Info.plist */,
				AF6BFA302AAFCD30005B4DDA /* Assets.xcassets */,
				AF6BFA322AAFCD30005B4DDA /* Preview Content */,
			);
			path = Mood;
			sourceTree = "<group>";
		};
		AF6BFA322AAFCD30005B4DDA /* Preview Content */ = {
			isa = PBXGroup;
			children = (
				AF6BFA332AAFCD30005B4DDA /* Preview Assets.xcassets */,
			);
			path = "Preview Content";
			sourceTree = "<group>";
		};
		AF6BFA3A2AAFCD80005B4DDA /* Services */ = {
			isa = PBXGroup;
			children = (
				AFE59E812C768BCA002285E8 /* NotificationService.swift */,
				AF1BEC082AB0F6710092FB0D /* AnalyticsGenerator.swift */,
				AFF2F2F52AB14CE0002FB6C7 /* JSONDecoder.swift */,
				AFAADDF72ADF32D20065E9CE /* DailyDataService.swift */,
			);
			path = Services;
			sourceTree = "<group>";
		};
		AF6BFA3B2AAFCDA3005B4DDA /* Model */ = {
			isa = PBXGroup;
			children = (
				AF519BCC2ABBA5BB00850DD4 /* User.swift */,
				AFEC9B3A2AD4581800F35F8B /* MoodPost.swift */,
				AF1BEC062AB0EFFB0092FB0D /* DailyData.swift */,
				AF2A89812AB0CB5600D05234 /* ContextEmotionPair.swift */,
				AF1ECA3B2C9C87F0005A225A /* Context.swift */,
			);
			path = Model;
			sourceTree = "<group>";
		};
		AF6BFA3E2AAFCDBA005B4DDA /* Extensions */ = {
			isa = PBXGroup;
			children = (
				AFC9206C2AB3EB5700CAF441 /* ColorExtension.swift */,
			);
			path = Extensions;
			sourceTree = "<group>";
		};
		AF6BFA3F2AAFCDBC005B4DDA /* Core */ = {
			isa = PBXGroup;
			children = (
				AF2A89802AB0CAFF00D05234 /* Components */,
				AF6BFA412AAFCE01005B4DDA /* Authentication */,
				AF4B33AA2AB0C6B5004CF248 /* GlobalMood */,
				AF6BFA422AAFCE10005B4DDA /* Profile */,
				AF6BFA432AAFCE1E005B4DDA /* Root */,
				AF6BFA452AAFCE62005B4DDA /* TabBar */,
				AF4B33A72AB0BCA4004CF248 /* YourMood */,
			);
			path = Core;
			sourceTree = "<group>";
		};
		AF6BFA402AAFCDC0005B4DDA /* App */ = {
			isa = PBXGroup;
			children = (
				AF6BFA2C2AAFCD2C005B4DDA /* MoodApp.swift */,
				AF237E212C8F597A008963AD /* AppLoadingView.swift */,
			);
			path = App;
			sourceTree = "<group>";
		};
		AF6BFA412AAFCE01005B4DDA /* Authentication */ = {
			isa = PBXGroup;
			children = (
				AFDC4C412AB662A500B22C6C /* View */,
				AFDC4C422AB6647C00B22C6C /* ViewModel */,
				AF8AB5AB2AB38D7500BE810A /* Service */,
			);
			path = Authentication;
			sourceTree = "<group>";
		};
		AF6BFA422AAFCE10005B4DDA /* Profile */ = {
			isa = PBXGroup;
			children = (
				AF4B33A32AB0B839004CF248 /* ProfileView.swift */,
			);
			path = Profile;
			sourceTree = "<group>";
		};
		AF6BFA432AAFCE1E005B4DDA /* Root */ = {
			isa = PBXGroup;
			children = (
				AF8AB5AF2AB38ED100BE810A /* View */,
				AF8AB5B02AB38ED700BE810A /* ViewModel */,
			);
			path = Root;
			sourceTree = "<group>";
		};
		AF6BFA452AAFCE62005B4DDA /* TabBar */ = {
			isa = PBXGroup;
			children = (
				AF6BFA462AAFCECB005B4DDA /* MainTabBar.swift */,
			);
			path = TabBar;
			sourceTree = "<group>";
		};
		AF7BB2D12AB3650A0057EE18 /* MoodTests */ = {
			isa = PBXGroup;
			children = (
				AF7BB2D22AB3650A0057EE18 /* MoodTests.swift */,
			);
			path = MoodTests;
			sourceTree = "<group>";
		};
		AF8AB5AB2AB38D7500BE810A /* Service */ = {
			isa = PBXGroup;
			children = (
				AF8AB5AD2AB38D8E00BE810A /* AuthService.swift */,
			);
			path = Service;
			sourceTree = "<group>";
		};
		AF8AB5AF2AB38ED100BE810A /* View */ = {
			isa = PBXGroup;
			children = (
				AF6BFA2E2AAFCD2C005B4DDA /* ContentView.swift */,
			);
			path = View;
			sourceTree = "<group>";
		};
		AF8AB5B02AB38ED700BE810A /* ViewModel */ = {
			isa = PBXGroup;
			children = (
				AF8AB5B12AB38F0000BE810A /* ContentViewModel.swift */,
			);
			path = ViewModel;
			sourceTree = "<group>";
		};
		AFA7AF5B2C88EAA8002E911B /* Charts */ = {
			isa = PBXGroup;
			children = (
				AFA7AF5C2C88EABF002E911B /* LineChartWithSelection.swift */,
			);
			path = Charts;
			sourceTree = "<group>";
		};
		AFDC4C412AB662A500B22C6C /* View */ = {
			isa = PBXGroup;
			children = (
				AF2AB8832AB3C6E6006B81AB /* WelcomeView.swift */,
				AF3008812AB4F02D0068F3B0 /* LoginView.swift */,
				AF5B87762AB52904000E204F /* SignUpView.swift */,
				AF5B87702AB521BB000E204F /* AddEmailView.swift */,
				AF5B87742AB5277B000E204F /* CreatePasswordView.swift */,
				AF40154F2AC61FAA003DE7DE /* AddNameView.swift */,
				AF5B87782AB52C59000E204F /* AddBirthdayView.swift */,
				AF5B877A2AB53273000E204F /* CompleteSignUpView.swift */,
			);
			path = View;
			sourceTree = "<group>";
		};
		AFDC4C422AB6647C00B22C6C /* ViewModel */ = {
			isa = PBXGroup;
			children = (
				AFDC4C432AB6649900B22C6C /* RegistrationViewModel.swift */,
				AF1283B12AB67AC70086AD5B /* LoginViewModel.swift */,
			);
			path = ViewModel;
			sourceTree = "<group>";
		};
		AFEC9B362AD453D700F35F8B /* View */ = {
			isa = PBXGroup;
			children = (
				AFA7AF5B2C88EAA8002E911B /* Charts */,
				AFEC9B3C2AD45F9C00F35F8B /* LogFlow */,
				AFDFDB632ACE2C6B00D8F37B /* LogDailyMoodSuggestionView.swift */,
				AF4B33A82AB0C63F004CF248 /* YourMoodView.swift */,
				AFCD61E52AE73485002F873C /* TodaysFeelingsView.swift */,
				AF8897642C8A49E90077B847 /* YourMoodsChartsView.swift */,
			);
			path = View;
			sourceTree = "<group>";
		};
		AFEC9B372AD453E000F35F8B /* ViewModel */ = {
			isa = PBXGroup;
			children = (
				AFEC9B382AD4543200F35F8B /* UploadMoodViewModel.swift */,
			);
			path = ViewModel;
			sourceTree = "<group>";
		};
		AFEC9B3C2AD45F9C00F35F8B /* LogFlow */ = {
			isa = PBXGroup;
			children = (
				AF1ECA392C9C8745005A225A /* ContextTileView.swift */,
				AFEC9B3F2AD4615200F35F8B /* MoodTagView.swift */,
				AF4392332AD4D42700E4FC15 /* EmotionTagView.swift */,
				AF95217A2AD61DCA00BDA427 /* MoodLoggedView.swift */,
				AFB789622C9CBD28007B375A /* ContextLogView.swift */,
			);
			path = LogFlow;
			sourceTree = "<group>";
		};
		AFF2F2F22AB14681002FB6C7 /* Resources */ = {
			isa = PBXGroup;
			children = (
				AF1ECA3D2C9C8A9B005A225A /* contexts.json */,
				AFF2F2F32AB146ED002FB6C7 /* moods.json */,
			);
			path = Resources;
			sourceTree = "<group>";
		};
/* End PBXGroup section */

/* Begin PBXNativeTarget section */
		AF6BFA282AAFCD2C005B4DDA /* Mood */ = {
			isa = PBXNativeTarget;
			buildConfigurationList = AF6BFA372AAFCD30005B4DDA /* Build configuration list for PBXNativeTarget "Mood" */;
			buildPhases = (
				AF6BFA252AAFCD2C005B4DDA /* Sources */,
				AF6BFA262AAFCD2C005B4DDA /* Frameworks */,
				AF6BFA272AAFCD2C005B4DDA /* Resources */,
			);
			buildRules = (
			);
			dependencies = (
			);
			name = Mood;
			packageProductDependencies = (
				AF7BB2DC2AB377D90057EE18 /* FirebaseAuth */,
				AF7BB2DE2AB377D90057EE18 /* FirebaseFirestore */,
				AF7BB2E02AB377D90057EE18 /* FirebaseFirestoreSwift */,
				AF7BB2E22AB377D90057EE18 /* FirebaseStorage */,
			);
			productName = Mood;
			productReference = AF6BFA292AAFCD2C005B4DDA /* Mood.app */;
			productType = "com.apple.product-type.application";
		};
		AF7BB2CF2AB3650A0057EE18 /* MoodTests */ = {
			isa = PBXNativeTarget;
			buildConfigurationList = AF7BB2D62AB3650A0057EE18 /* Build configuration list for PBXNativeTarget "MoodTests" */;
			buildPhases = (
				AF7BB2CC2AB3650A0057EE18 /* Sources */,
				AF7BB2CD2AB3650A0057EE18 /* Frameworks */,
				AF7BB2CE2AB3650A0057EE18 /* Resources */,
			);
			buildRules = (
			);
			dependencies = (
				AF7BB2D52AB3650A0057EE18 /* PBXTargetDependency */,
			);
			name = MoodTests;
			productName = MoodTests;
			productReference = AF7BB2D02AB3650A0057EE18 /* MoodTests.xctest */;
			productType = "com.apple.product-type.bundle.unit-test";
		};
/* End PBXNativeTarget section */

/* Begin PBXProject section */
		AF6BFA212AAFCD2C005B4DDA /* Project object */ = {
			isa = PBXProject;
			attributes = {
				BuildIndependentTargetsInParallel = 1;
				LastSwiftUpdateCheck = 1500;
				LastUpgradeCheck = 1500;
				TargetAttributes = {
					AF6BFA282AAFCD2C005B4DDA = {
						CreatedOnToolsVersion = 15.0;
					};
					AF7BB2CF2AB3650A0057EE18 = {
						CreatedOnToolsVersion = 15.0;
						TestTargetID = AF6BFA282AAFCD2C005B4DDA;
					};
				};
			};
			buildConfigurationList = AF6BFA242AAFCD2C005B4DDA /* Build configuration list for PBXProject "Mood" */;
			compatibilityVersion = "Xcode 14.0";
			developmentRegion = en;
			hasScannedForEncodings = 0;
			knownRegions = (
				en,
				Base,
			);
			mainGroup = AF6BFA202AAFCD2C005B4DDA;
			packageReferences = (
				AF7BB2DB2AB377D90057EE18 /* XCRemoteSwiftPackageReference "firebase-ios-sdk" */,
			);
			productRefGroup = AF6BFA2A2AAFCD2C005B4DDA /* Products */;
			projectDirPath = "";
			projectRoot = "";
			targets = (
				AF6BFA282AAFCD2C005B4DDA /* Mood */,
				AF7BB2CF2AB3650A0057EE18 /* MoodTests */,
			);
		};
/* End PBXProject section */

/* Begin PBXResourcesBuildPhase section */
		AF6BFA272AAFCD2C005B4DDA /* Resources */ = {
			isa = PBXResourcesBuildPhase;
			buildActionMask = 2147483647;
			files = (
				AF6BFA342AAFCD30005B4DDA /* Preview Assets.xcassets in Resources */,
				AF1ECA3E2C9C8AA2005A225A /* contexts.json in Resources */,
				AF6BFA312AAFCD30005B4DDA /* Assets.xcassets in Resources */,
				AFA7AF5A2C88E4A2002E911B /* Launch Screen.storyboard in Resources */,
				AFF2F2F42AB146ED002FB6C7 /* moods.json in Resources */,
				AF26B2072C9E796D00CA616E /* GoogleService-Info.plist in Resources */,
			);
			runOnlyForDeploymentPostprocessing = 0;
		};
		AF7BB2CE2AB3650A0057EE18 /* Resources */ = {
			isa = PBXResourcesBuildPhase;
			buildActionMask = 2147483647;
			files = (
			);
			runOnlyForDeploymentPostprocessing = 0;
		};
/* End PBXResourcesBuildPhase section */

/* Begin PBXSourcesBuildPhase section */
		AF6BFA252AAFCD2C005B4DDA /* Sources */ = {
			isa = PBXSourcesBuildPhase;
			buildActionMask = 2147483647;
			files = (
				AFCABA7B2C8E37B900DA562A /* WrappingHStack.swift in Sources */,
				AFBABB2F2AB24C9A00ADCB8A /* TileView.swift in Sources */,
				AF4392342AD4D42700E4FC15 /* EmotionTagView.swift in Sources */,
				AF5B877B2AB53273000E204F /* CompleteSignUpView.swift in Sources */,
				AF8AB5B22AB38F0000BE810A /* ContentViewModel.swift in Sources */,
				AF5542832C8A0B4A00CD4DC0 /* DropDownView.swift in Sources */,
				AF519BCD2ABBA5BB00850DD4 /* User.swift in Sources */,
				AF1ECA3A2C9C8745005A225A /* ContextTileView.swift in Sources */,
				AF237E222C8F597A008963AD /* AppLoadingView.swift in Sources */,
				AFEC9B392AD4543200F35F8B /* UploadMoodViewModel.swift in Sources */,
				AF1BEC092AB0F6710092FB0D /* AnalyticsGenerator.swift in Sources */,
				AFCD61E62AE73485002F873C /* TodaysFeelingsView.swift in Sources */,
				AF4015502AC61FAA003DE7DE /* AddNameView.swift in Sources */,
				AF4B33A42AB0B839004CF248 /* ProfileView.swift in Sources */,
				AF8AB5AE2AB38D8E00BE810A /* AuthService.swift in Sources */,
				AFF2F2F62AB14CE0002FB6C7 /* JSONDecoder.swift in Sources */,
				AF5B87752AB5277B000E204F /* CreatePasswordView.swift in Sources */,
				AF5024F72ABCDA2100DCF8A2 /* GlobalPercentView.swift in Sources */,
				AF5B87732AB525D1000E204F /* TextFieldModifier.swift in Sources */,
				AF2A89822AB0CB5600D05234 /* ContextEmotionPair.swift in Sources */,
				AF8D749B2AE6FAF900C0729E /* GlobalMoodLockedView.swift in Sources */,
				AFB789632C9CBD28007B375A /* ContextLogView.swift in Sources */,
				AF6BFA472AAFCECB005B4DDA /* MainTabBar.swift in Sources */,
				AF3DF9E62AC619A7003453F1 /* ListRowBackgroundModifer.swift in Sources */,
				AFA7AF5D2C88EABF002E911B /* LineChartWithSelection.swift in Sources */,
				AFEC9B402AD4615200F35F8B /* MoodTagView.swift in Sources */,
				AF2AB8842AB3C6E6006B81AB /* WelcomeView.swift in Sources */,
				AFC9206D2AB3EB5700CAF441 /* ColorExtension.swift in Sources */,
				AFAADDF82ADF32D20065E9CE /* DailyDataService.swift in Sources */,
				AFE59E822C768BD1002285E8 /* NotificationService.swift in Sources */,
				AFDC4C442AB6649900B22C6C /* RegistrationViewModel.swift in Sources */,
				AF4B33AC2AB0C6C6004CF248 /* GlobalMoodView.swift in Sources */,
				AF8897652C8A49E90077B847 /* YourMoodsChartsView.swift in Sources */,
				AF95217B2AD61DCA00BDA427 /* MoodLoggedView.swift in Sources */,
				AF6BFA2F2AAFCD2C005B4DDA /* ContentView.swift in Sources */,
				AF8D74992AE6FABE00C0729E /* GlobalMoodViewWrapper.swift in Sources */,
				AFDFDB642ACE2C6B00D8F37B /* LogDailyMoodSuggestionView.swift in Sources */,
				AF5B87712AB521BB000E204F /* AddEmailView.swift in Sources */,
				AF5B87792AB52C59000E204F /* AddBirthdayView.swift in Sources */,
				AF4B33A92AB0C63F004CF248 /* YourMoodView.swift in Sources */,
				AF5B87772AB52904000E204F /* SignUpView.swift in Sources */,
				AF1283B22AB67AC70086AD5B /* LoginViewModel.swift in Sources */,
				AF6BFA2D2AAFCD2C005B4DDA /* MoodApp.swift in Sources */,
				AF3008822AB4F02D0068F3B0 /* LoginView.swift in Sources */,
				AF6315D02ACB5373005561B9 /* SecureInputView.swift in Sources */,
				AF1ECA3C2C9C87F0005A225A /* Context.swift in Sources */,
				AFEC9B3B2AD4581800F35F8B /* MoodPost.swift in Sources */,
				AF1BEC072AB0EFFB0092FB0D /* DailyData.swift in Sources */,
			);
			runOnlyForDeploymentPostprocessing = 0;
		};
		AF7BB2CC2AB3650A0057EE18 /* Sources */ = {
			isa = PBXSourcesBuildPhase;
			buildActionMask = 2147483647;
			files = (
				AF7BB2D32AB3650A0057EE18 /* MoodTests.swift in Sources */,
			);
			runOnlyForDeploymentPostprocessing = 0;
		};
/* End PBXSourcesBuildPhase section */

/* Begin PBXTargetDependency section */
		AF7BB2D52AB3650A0057EE18 /* PBXTargetDependency */ = {
			isa = PBXTargetDependency;
			target = AF6BFA282AAFCD2C005B4DDA /* Mood */;
			targetProxy = AF7BB2D42AB3650A0057EE18 /* PBXContainerItemProxy */;
		};
/* End PBXTargetDependency section */

/* Begin XCBuildConfiguration section */
		AF6BFA352AAFCD30005B4DDA /* Debug */ = {
			isa = XCBuildConfiguration;
			buildSettings = {
				ALWAYS_SEARCH_USER_PATHS = NO;
				ASSETCATALOG_COMPILER_GENERATE_SWIFT_ASSET_SYMBOL_EXTENSIONS = YES;
				CLANG_ANALYZER_NONNULL = YES;
				CLANG_ANALYZER_NUMBER_OBJECT_CONVERSION = YES_AGGRESSIVE;
				CLANG_CXX_LANGUAGE_STANDARD = "gnu++20";
				CLANG_ENABLE_MODULES = YES;
				CLANG_ENABLE_OBJC_ARC = YES;
				CLANG_ENABLE_OBJC_WEAK = YES;
				CLANG_WARN_BLOCK_CAPTURE_AUTORELEASING = YES;
				CLANG_WARN_BOOL_CONVERSION = YES;
				CLANG_WARN_COMMA = YES;
				CLANG_WARN_CONSTANT_CONVERSION = YES;
				CLANG_WARN_DEPRECATED_OBJC_IMPLEMENTATIONS = YES;
				CLANG_WARN_DIRECT_OBJC_ISA_USAGE = YES_ERROR;
				CLANG_WARN_DOCUMENTATION_COMMENTS = YES;
				CLANG_WARN_EMPTY_BODY = YES;
				CLANG_WARN_ENUM_CONVERSION = YES;
				CLANG_WARN_INFINITE_RECURSION = YES;
				CLANG_WARN_INT_CONVERSION = YES;
				CLANG_WARN_NON_LITERAL_NULL_CONVERSION = YES;
				CLANG_WARN_OBJC_IMPLICIT_RETAIN_SELF = YES;
				CLANG_WARN_OBJC_LITERAL_CONVERSION = YES;
				CLANG_WARN_OBJC_ROOT_CLASS = YES_ERROR;
				CLANG_WARN_QUOTED_INCLUDE_IN_FRAMEWORK_HEADER = YES;
				CLANG_WARN_RANGE_LOOP_ANALYSIS = YES;
				CLANG_WARN_STRICT_PROTOTYPES = YES;
				CLANG_WARN_SUSPICIOUS_MOVE = YES;
				CLANG_WARN_UNGUARDED_AVAILABILITY = YES_AGGRESSIVE;
				CLANG_WARN_UNREACHABLE_CODE = YES;
				CLANG_WARN__DUPLICATE_METHOD_MATCH = YES;
				COPY_PHASE_STRIP = NO;
				DEBUG_INFORMATION_FORMAT = dwarf;
				ENABLE_STRICT_OBJC_MSGSEND = YES;
				ENABLE_TESTABILITY = YES;
				ENABLE_USER_SCRIPT_SANDBOXING = YES;
				GCC_C_LANGUAGE_STANDARD = gnu17;
				GCC_DYNAMIC_NO_PIC = NO;
				GCC_NO_COMMON_BLOCKS = YES;
				GCC_OPTIMIZATION_LEVEL = 0;
				GCC_PREPROCESSOR_DEFINITIONS = (
					"DEBUG=1",
					"$(inherited)",
				);
				GCC_WARN_64_TO_32_BIT_CONVERSION = YES;
				GCC_WARN_ABOUT_RETURN_TYPE = YES_ERROR;
				GCC_WARN_UNDECLARED_SELECTOR = YES;
				GCC_WARN_UNINITIALIZED_AUTOS = YES_AGGRESSIVE;
				GCC_WARN_UNUSED_FUNCTION = YES;
				GCC_WARN_UNUSED_VARIABLE = YES;
				IPHONEOS_DEPLOYMENT_TARGET = 17.0;
				LOCALIZATION_PREFERS_STRING_CATALOGS = YES;
				MTL_ENABLE_DEBUG_INFO = INCLUDE_SOURCE;
				MTL_FAST_MATH = YES;
				ONLY_ACTIVE_ARCH = YES;
				SDKROOT = iphoneos;
				SWIFT_ACTIVE_COMPILATION_CONDITIONS = "DEBUG $(inherited)";
				SWIFT_OPTIMIZATION_LEVEL = "-Onone";
			};
			name = Debug;
		};
		AF6BFA362AAFCD30005B4DDA /* Release */ = {
			isa = XCBuildConfiguration;
			buildSettings = {
				ALWAYS_SEARCH_USER_PATHS = NO;
				ASSETCATALOG_COMPILER_GENERATE_SWIFT_ASSET_SYMBOL_EXTENSIONS = YES;
				CLANG_ANALYZER_NONNULL = YES;
				CLANG_ANALYZER_NUMBER_OBJECT_CONVERSION = YES_AGGRESSIVE;
				CLANG_CXX_LANGUAGE_STANDARD = "gnu++20";
				CLANG_ENABLE_MODULES = YES;
				CLANG_ENABLE_OBJC_ARC = YES;
				CLANG_ENABLE_OBJC_WEAK = YES;
				CLANG_WARN_BLOCK_CAPTURE_AUTORELEASING = YES;
				CLANG_WARN_BOOL_CONVERSION = YES;
				CLANG_WARN_COMMA = YES;
				CLANG_WARN_CONSTANT_CONVERSION = YES;
				CLANG_WARN_DEPRECATED_OBJC_IMPLEMENTATIONS = YES;
				CLANG_WARN_DIRECT_OBJC_ISA_USAGE = YES_ERROR;
				CLANG_WARN_DOCUMENTATION_COMMENTS = YES;
				CLANG_WARN_EMPTY_BODY = YES;
				CLANG_WARN_ENUM_CONVERSION = YES;
				CLANG_WARN_INFINITE_RECURSION = YES;
				CLANG_WARN_INT_CONVERSION = YES;
				CLANG_WARN_NON_LITERAL_NULL_CONVERSION = YES;
				CLANG_WARN_OBJC_IMPLICIT_RETAIN_SELF = YES;
				CLANG_WARN_OBJC_LITERAL_CONVERSION = YES;
				CLANG_WARN_OBJC_ROOT_CLASS = YES_ERROR;
				CLANG_WARN_QUOTED_INCLUDE_IN_FRAMEWORK_HEADER = YES;
				CLANG_WARN_RANGE_LOOP_ANALYSIS = YES;
				CLANG_WARN_STRICT_PROTOTYPES = YES;
				CLANG_WARN_SUSPICIOUS_MOVE = YES;
				CLANG_WARN_UNGUARDED_AVAILABILITY = YES_AGGRESSIVE;
				CLANG_WARN_UNREACHABLE_CODE = YES;
				CLANG_WARN__DUPLICATE_METHOD_MATCH = YES;
				COPY_PHASE_STRIP = NO;
				DEBUG_INFORMATION_FORMAT = "dwarf-with-dsym";
				ENABLE_NS_ASSERTIONS = NO;
				ENABLE_STRICT_OBJC_MSGSEND = YES;
				ENABLE_USER_SCRIPT_SANDBOXING = YES;
				GCC_C_LANGUAGE_STANDARD = gnu17;
				GCC_NO_COMMON_BLOCKS = YES;
				GCC_WARN_64_TO_32_BIT_CONVERSION = YES;
				GCC_WARN_ABOUT_RETURN_TYPE = YES_ERROR;
				GCC_WARN_UNDECLARED_SELECTOR = YES;
				GCC_WARN_UNINITIALIZED_AUTOS = YES_AGGRESSIVE;
				GCC_WARN_UNUSED_FUNCTION = YES;
				GCC_WARN_UNUSED_VARIABLE = YES;
				IPHONEOS_DEPLOYMENT_TARGET = 17.0;
				LOCALIZATION_PREFERS_STRING_CATALOGS = YES;
				MTL_ENABLE_DEBUG_INFO = NO;
				MTL_FAST_MATH = YES;
				SDKROOT = iphoneos;
				SWIFT_COMPILATION_MODE = wholemodule;
				VALIDATE_PRODUCT = YES;
			};
			name = Release;
		};
		AF6BFA382AAFCD30005B4DDA /* Debug */ = {
			isa = XCBuildConfiguration;
			buildSettings = {
				ASSETCATALOG_COMPILER_APPICON_NAME = AppIcon;
				ASSETCATALOG_COMPILER_GLOBAL_ACCENT_COLOR_NAME = AccentColor;
				ASSETCATALOG_COMPILER_INCLUDE_ALL_APPICON_ASSETS = NO;
				CODE_SIGN_STYLE = Automatic;
				CURRENT_PROJECT_VERSION = 38;
				DEVELOPMENT_ASSET_PATHS = "\"Mood/Preview Content\"";
				DEVELOPMENT_TEAM = BK7GR7SKX2;
				ENABLE_PREVIEWS = YES;
				GENERATE_INFOPLIST_FILE = YES;
				INFOPLIST_KEY_CFBundleDisplayName = mood;
				INFOPLIST_KEY_LSApplicationCategoryType = "public.app-category.healthcare-fitness";
				INFOPLIST_KEY_UIApplicationSceneManifest_Generation = YES;
				INFOPLIST_KEY_UIApplicationSupportsIndirectInputEvents = YES;
				INFOPLIST_KEY_UILaunchScreen_Generation = YES;
				INFOPLIST_KEY_UILaunchStoryboardName = "Launch Screen.storyboard";
				INFOPLIST_KEY_UIRequiresFullScreen = YES;
				INFOPLIST_KEY_UISupportedInterfaceOrientations = UIInterfaceOrientationPortrait;
				INFOPLIST_KEY_UISupportedInterfaceOrientations_iPad = "UIInterfaceOrientationPortrait UIInterfaceOrientationPortraitUpsideDown";
				LD_RUNPATH_SEARCH_PATHS = (
					"$(inherited)",
					"@executable_path/Frameworks",
				);
				MARKETING_VERSION = 1.0;
				PRODUCT_BUNDLE_IDENTIFIER = com.nateleake.Mood;
				PRODUCT_NAME = "$(TARGET_NAME)";
				SUPPORTED_PLATFORMS = "iphoneos iphonesimulator";
				SUPPORTS_MACCATALYST = NO;
				SUPPORTS_MAC_DESIGNED_FOR_IPHONE_IPAD = NO;
				SWIFT_EMIT_LOC_STRINGS = YES;
				SWIFT_VERSION = 5.0;
				TARGETED_DEVICE_FAMILY = "1,2";
			};
			name = Debug;
		};
		AF6BFA392AAFCD30005B4DDA /* Release */ = {
			isa = XCBuildConfiguration;
			buildSettings = {
				ASSETCATALOG_COMPILER_APPICON_NAME = AppIcon;
				ASSETCATALOG_COMPILER_GLOBAL_ACCENT_COLOR_NAME = AccentColor;
				ASSETCATALOG_COMPILER_INCLUDE_ALL_APPICON_ASSETS = NO;
				CODE_SIGN_STYLE = Automatic;
				CURRENT_PROJECT_VERSION = 38;
				DEVELOPMENT_ASSET_PATHS = "\"Mood/Preview Content\"";
				DEVELOPMENT_TEAM = BK7GR7SKX2;
				ENABLE_PREVIEWS = YES;
				GENERATE_INFOPLIST_FILE = YES;
				INFOPLIST_KEY_CFBundleDisplayName = mood;
				INFOPLIST_KEY_LSApplicationCategoryType = "public.app-category.healthcare-fitness";
				INFOPLIST_KEY_UIApplicationSceneManifest_Generation = YES;
				INFOPLIST_KEY_UIApplicationSupportsIndirectInputEvents = YES;
				INFOPLIST_KEY_UILaunchScreen_Generation = YES;
				INFOPLIST_KEY_UILaunchStoryboardName = "Launch Screen.storyboard";
				INFOPLIST_KEY_UIRequiresFullScreen = YES;
				INFOPLIST_KEY_UISupportedInterfaceOrientations = UIInterfaceOrientationPortrait;
				INFOPLIST_KEY_UISupportedInterfaceOrientations_iPad = "UIInterfaceOrientationPortrait UIInterfaceOrientationPortraitUpsideDown";
				LD_RUNPATH_SEARCH_PATHS = (
					"$(inherited)",
					"@executable_path/Frameworks",
				);
				MARKETING_VERSION = 1.0;
				PRODUCT_BUNDLE_IDENTIFIER = com.nateleake.Mood;
				PRODUCT_NAME = "$(TARGET_NAME)";
				SUPPORTED_PLATFORMS = "iphoneos iphonesimulator";
				SUPPORTS_MACCATALYST = NO;
				SUPPORTS_MAC_DESIGNED_FOR_IPHONE_IPAD = NO;
				SWIFT_EMIT_LOC_STRINGS = YES;
				SWIFT_VERSION = 5.0;
				TARGETED_DEVICE_FAMILY = "1,2";
			};
			name = Release;
		};
		AF7BB2D72AB3650A0057EE18 /* Debug */ = {
			isa = XCBuildConfiguration;
			buildSettings = {
				BUNDLE_LOADER = "$(TEST_HOST)";
				CODE_SIGN_STYLE = Automatic;
				CURRENT_PROJECT_VERSION = 1;
				DEVELOPMENT_TEAM = BK7GR7SKX2;
				GENERATE_INFOPLIST_FILE = YES;
				MARKETING_VERSION = 1.0;
				PRODUCT_BUNDLE_IDENTIFIER = com.nateleake.MoodTests;
				PRODUCT_NAME = "$(TARGET_NAME)";
				SUPPORTED_PLATFORMS = "iphoneos iphonesimulator";
				SUPPORTS_MACCATALYST = NO;
				SUPPORTS_MAC_DESIGNED_FOR_IPHONE_IPAD = NO;
				SWIFT_EMIT_LOC_STRINGS = NO;
				SWIFT_VERSION = 5.0;
				TARGETED_DEVICE_FAMILY = "1,2";
				TEST_HOST = "$(BUILT_PRODUCTS_DIR)/Mood.app/$(BUNDLE_EXECUTABLE_FOLDER_PATH)/Mood";
			};
			name = Debug;
		};
		AF7BB2D82AB3650A0057EE18 /* Release */ = {
			isa = XCBuildConfiguration;
			buildSettings = {
				BUNDLE_LOADER = "$(TEST_HOST)";
				CODE_SIGN_STYLE = Automatic;
				CURRENT_PROJECT_VERSION = 1;
				DEVELOPMENT_TEAM = BK7GR7SKX2;
				GENERATE_INFOPLIST_FILE = YES;
				MARKETING_VERSION = 1.0;
				PRODUCT_BUNDLE_IDENTIFIER = com.nateleake.MoodTests;
				PRODUCT_NAME = "$(TARGET_NAME)";
				SUPPORTED_PLATFORMS = "iphoneos iphonesimulator";
				SUPPORTS_MACCATALYST = NO;
				SUPPORTS_MAC_DESIGNED_FOR_IPHONE_IPAD = NO;
				SWIFT_EMIT_LOC_STRINGS = NO;
				SWIFT_VERSION = 5.0;
				TARGETED_DEVICE_FAMILY = "1,2";
				TEST_HOST = "$(BUILT_PRODUCTS_DIR)/Mood.app/$(BUNDLE_EXECUTABLE_FOLDER_PATH)/Mood";
			};
			name = Release;
		};
/* End XCBuildConfiguration section */

/* Begin XCConfigurationList section */
		AF6BFA242AAFCD2C005B4DDA /* Build configuration list for PBXProject "Mood" */ = {
			isa = XCConfigurationList;
			buildConfigurations = (
				AF6BFA352AAFCD30005B4DDA /* Debug */,
				AF6BFA362AAFCD30005B4DDA /* Release */,
			);
			defaultConfigurationIsVisible = 0;
			defaultConfigurationName = Debug;
		};
		AF6BFA372AAFCD30005B4DDA /* Build configuration list for PBXNativeTarget "Mood" */ = {
			isa = XCConfigurationList;
			buildConfigurations = (
				AF6BFA382AAFCD30005B4DDA /* Debug */,
				AF6BFA392AAFCD30005B4DDA /* Release */,
			);
			defaultConfigurationIsVisible = 0;
			defaultConfigurationName = Debug;
		};
		AF7BB2D62AB3650A0057EE18 /* Build configuration list for PBXNativeTarget "MoodTests" */ = {
			isa = XCConfigurationList;
			buildConfigurations = (
				AF7BB2D72AB3650A0057EE18 /* Debug */,
				AF7BB2D82AB3650A0057EE18 /* Release */,
			);
			defaultConfigurationIsVisible = 0;
			defaultConfigurationName = Debug;
		};
/* End XCConfigurationList section */

/* Begin XCRemoteSwiftPackageReference section */
		AF7BB2DB2AB377D90057EE18 /* XCRemoteSwiftPackageReference "firebase-ios-sdk" */ = {
			isa = XCRemoteSwiftPackageReference;
			repositoryURL = "https://github.com/firebase/firebase-ios-sdk";
			requirement = {
				kind = upToNextMajorVersion;
				minimumVersion = 10.15.0;
			};
		};
/* End XCRemoteSwiftPackageReference section */

/* Begin XCSwiftPackageProductDependency section */
		AF7BB2DC2AB377D90057EE18 /* FirebaseAuth */ = {
			isa = XCSwiftPackageProductDependency;
			package = AF7BB2DB2AB377D90057EE18 /* XCRemoteSwiftPackageReference "firebase-ios-sdk" */;
			productName = FirebaseAuth;
		};
		AF7BB2DE2AB377D90057EE18 /* FirebaseFirestore */ = {
			isa = XCSwiftPackageProductDependency;
			package = AF7BB2DB2AB377D90057EE18 /* XCRemoteSwiftPackageReference "firebase-ios-sdk" */;
			productName = FirebaseFirestore;
		};
		AF7BB2E02AB377D90057EE18 /* FirebaseFirestoreSwift */ = {
			isa = XCSwiftPackageProductDependency;
			package = AF7BB2DB2AB377D90057EE18 /* XCRemoteSwiftPackageReference "firebase-ios-sdk" */;
			productName = FirebaseFirestoreSwift;
		};
		AF7BB2E22AB377D90057EE18 /* FirebaseStorage */ = {
			isa = XCSwiftPackageProductDependency;
			package = AF7BB2DB2AB377D90057EE18 /* XCRemoteSwiftPackageReference "firebase-ios-sdk" */;
			productName = FirebaseStorage;
		};
/* End XCSwiftPackageProductDependency section */
	};
	rootObject = AF6BFA212AAFCD2C005B4DDA /* Project object */;
}
